
Microsoft Visual Studio Solution File, Format Version 12.00
# Visual Studio 2012
Project("{8BC9CEB8-8B4A-11D0-8D11-00A0C91BC942}") = "IntervalMap", "IntervalMap.vcxproj", "{001E36A0-7FD3-4CE1-81B7-2A83B7136DEB}"
EndProject
Global
	GlobalSection(SolutionConfigurationPlatforms) = preSolution
		Debug|Win32 = Debug|Win32
		Release|Win32 = Release|Win32
	EndGlobalSection
	GlobalSection(ProjectConfigurationPlatforms) = postSolution
		{001E36A0-7FD3-4CE1-81B7-2A83B7136DEB}.Debug|Win32.ActiveCfg = Debug|Win32
		{001E36A0-7FD3-4CE1-81B7-2A83B7136DEB}.Debug|Win32.Build.0 = Debug|Win32
		{001E36A0-7FD3-4CE1-81B7-2A83B7136DEB}.Release|Win32.ActiveCfg = Release|Win32
		{001E36A0-7FD3-4CE1-81B7-2A83B7136DEB}.Release|Win32.Build.0 = Release|Win32
	EndGlobalSection
	GlobalSection(SolutionProperties) = preSolution
		HideSolutionNode = FALSE
	EndGlobalSection
EndGlobal
